
Microsoft Visual Studio Solution File, Format Version 12.00
# Visual Studio 15
VisualStudioVersion = 15.0.26124.0
MinimumVisualStudioVersion = 15.0.26124.0
Project("{9A19103F-16F7-4668-BE54-9A1E7A4F7556}") = "DAL_EF", "DAL_EF\DAL_EF.csproj", "{ADA3B9B3-A2C5-4D26-AC08-E191FEA6D7BA}"
EndProject
Project("{FAE04EC0-301F-11D3-BF4B-00C04F79EFBC}") = "PL", "PL\PL.csproj", "{AF86D809-C528-4EF7-9A56-A2A9B28AC22C}"
EndProject
Project("{FAE04EC0-301F-11D3-BF4B-00C04F79EFBC}") = "BL", "BL\BL.csproj", "{B1F530DF-E60B-4D04-89BC-3D59F36329CD}"
EndProject
Project("{FAE04EC0-301F-11D3-BF4B-00C04F79EFBC}") = "Common", "Common\Common.csproj", "{7CD0EE5E-1A40-4595-B5AD-425E57B33048}"
EndProject
Global
	GlobalSection(SolutionConfigurationPlatforms) = preSolution
		Debug|Any CPU = Debug|Any CPU
		Release|Any CPU = Release|Any CPU
	EndGlobalSection
	GlobalSection(ProjectConfigurationPlatforms) = postSolution
		{ADA3B9B3-A2C5-4D26-AC08-E191FEA6D7BA}.Debug|Any CPU.ActiveCfg = Debug|Any CPU
		{ADA3B9B3-A2C5-4D26-AC08-E191FEA6D7BA}.Debug|Any CPU.Build.0 = Debug|Any CPU
		{ADA3B9B3-A2C5-4D26-AC08-E191FEA6D7BA}.Release|Any CPU.ActiveCfg = Release|Any CPU
		{ADA3B9B3-A2C5-4D26-AC08-E191FEA6D7BA}.Release|Any CPU.Build.0 = Release|Any CPU
		{AF86D809-C528-4EF7-9A56-A2A9B28AC22C}.Debug|Any CPU.ActiveCfg = Debug|Any CPU
		{AF86D809-C528-4EF7-9A56-A2A9B28AC22C}.Debug|Any CPU.Build.0 = Debug|Any CPU
		{AF86D809-C528-4EF7-9A56-A2A9B28AC22C}.Release|Any CPU.ActiveCfg = Release|Any CPU
		{AF86D809-C528-4EF7-9A56-A2A9B28AC22C}.Release|Any CPU.Build.0 = Release|Any CPU
		{B1F530DF-E60B-4D04-89BC-3D59F36329CD}.Debug|Any CPU.ActiveCfg = Debug|Any CPU
		{B1F530DF-E60B-4D04-89BC-3D59F36329CD}.Debug|Any CPU.Build.0 = Debug|Any CPU
		{B1F530DF-E60B-4D04-89BC-3D59F36329CD}.Release|Any CPU.ActiveCfg = Release|Any CPU
		{B1F530DF-E60B-4D04-89BC-3D59F36329CD}.Release|Any CPU.Build.0 = Release|Any CPU
		{7CD0EE5E-1A40-4595-B5AD-425E57B33048}.Debug|Any CPU.ActiveCfg = Debug|Any CPU
		{7CD0EE5E-1A40-4595-B5AD-425E57B33048}.Debug|Any CPU.Build.0 = Debug|Any CPU
		{7CD0EE5E-1A40-4595-B5AD-425E57B33048}.Release|Any CPU.ActiveCfg = Release|Any CPU
		{7CD0EE5E-1A40-4595-B5AD-425E57B33048}.Release|Any CPU.Build.0 = Release|Any CPU
	EndGlobalSection
	GlobalSection(SolutionProperties) = preSolution
		HideSolutionNode = FALSE
	EndGlobalSection
	GlobalSection(ExtensibilityGlobals) = postSolution
		SolutionGuid = {024888ED-FB2D-44E1-A65F-0142B30FC3BE}
	EndGlobalSection
EndGlobal
